
Microsoft Visual Studio Solution File, Format Version 12.00
# Visual Studio Version 17
VisualStudioVersion = 17.7.34221.43
MinimumVisualStudioVersion = 10.0.40219.1
Project("{FAE04EC0-301F-11D3-BF4B-00C04F79EFBC}") = "StudentsDataMangment", "StudentsDataMangment\StudentsDataMangment.csproj", "{24792286-DEA3-4FF5-BD43-A29A7C023CA3}"
EndProject
Global
	GlobalSection(SolutionConfigurationPlatforms) = preSolution
		Debug|Any CPU = Debug|Any CPU
		Release|Any CPU = Release|Any CPU
	EndGlobalSection
	GlobalSection(ProjectConfigurationPlatforms) = postSolution
		{24792286-DEA3-4FF5-BD43-A29A7C023CA3}.Debug|Any CPU.ActiveCfg = Debug|Any CPU
		{24792286-DEA3-4FF5-BD43-A29A7C023CA3}.Debug|Any CPU.Build.0 = Debug|Any CPU
		{24792286-DEA3-4FF5-BD43-A29A7C023CA3}.Release|Any CPU.ActiveCfg = Release|Any CPU
		{24792286-DEA3-4FF5-BD43-A29A7C023CA3}.Release|Any CPU.Build.0 = Release|Any CPU
	EndGlobalSection
	GlobalSection(SolutionProperties) = preSolution
		HideSolutionNode = FALSE
	EndGlobalSection
	GlobalSection(ExtensibilityGlobals) = postSolution
		SolutionGuid = {A1E293EB-B6D4-4C5B-9917-72BFC7E838E1}
	EndGlobalSection
EndGlobal
